# ═══════════════════════════════════════════════════════════════════════════
# QUIRRELY G2M VERSION LOCK — v3.1.3-FINAL
# ═══════════════════════════════════════════════════════════════════════════
#
# This is the PRODUCTION DEPLOYMENT version.
# All systems validated, tested, and approved for launch.
# DO NOT MODIFY without Super Admin approval.
#
# ═══════════════════════════════════════════════════════════════════════════

RELEASE:      G2M-FINAL
VERSION:      3.1.3-FINAL
CODENAME:     The Stretched Squirrel
LOCKED_AT:    2026-02-20T16:00:00Z
LOCKED_BY:    Super Admin
STATUS:       PRODUCTION READY

[release]
name             = G2M-FINAL (Go-To-Market, All Blockers Cleared)
base_version     = 3.1.3
meta_version     = 5.1.0
stretch_version  = 1.0.0
extension_version = 2.0.0
description      = Full platform release with STRETCH system, Chrome Extension v2,
                   complete meta observer suite (8/8), and all pre-deployment blockers resolved.

[validation]
static_auditor   = Quirrely Static Auditor v1.0
total_checks     = 215
passed           = 202
failed           = 0
warned           = 0
pass_rate        = 100.0%
python_files_clean = 170/170
pre_fix_score    = 90.6%
fixes_applied    = 17

[g2m_approval]
kim_role         = Quality Assurance + Frontend Lead
kim_verdict      = CLEARED
kim_confidence   = 92%
kim_signed       = 2026-02-20

aso_role         = Systems Architect + Backend Lead
aso_verdict      = CLEARED
aso_confidence   = 95%
aso_signed       = 2026-02-20

mars_role        = Commercial + Growth Lead
mars_verdict     = CLEARED
mars_confidence  = 91%
mars_signed      = 2026-02-20

consolidated_verdict = GO — DEPLOY WHEN READY

[critical_paths_verified]
stretch_api_mounted       = YES  (app.py line 251)
all_8_observers           = YES  (funnel + viral added in v3.1.3-FINAL)
prompt_dataset            = YES  (450 prompts, backend/stretch_prompts_base.json)
stretch_components_js     = YES  (assets/js/stretch-components.js)
psycopg2_in_requirements  = YES  (psycopg2-binary>=2.9.9)
stripe_in_requirements    = YES  (stripe>=7.0.0)
schema_halo_staged        = YES  (backend/schema_halo.sql)
jwt_in_auth_api           = YES  (import jwt + Token Architecture docstring)
quick_analyze_endpoint    = YES  (/api/quick-analyze alias in api_v2.py)
compat_assets_patched     = YES  (91/91 blog HTML files)
pm2_documented            = YES  (DEPLOYMENT_READY_VPS.md line 12)
cloudflare_documented     = YES  (DEPLOYMENT_READY_VPS.md line 93)
quirrely_ca_documented    = YES  (DEPLOYMENT_READY_VPS.md line 132)
all_170_py_syntax_clean   = YES
